
Microsoft Visual Studio Solution File, Format Version 12.00
# Visual Studio Version 17
VisualStudioVersion = 17.13.35919.96
MinimumVisualStudioVersion = 10.0.40219.1
Project("{FAE04EC0-301F-11D3-BF4B-00C04F79EFBC}") = "MatchMakingService", "MatchMakingService\MatchMakingService.csproj", "{63814E69-6652-469C-8610-9589267EE05F}"
EndProject
Project("{FAE04EC0-301F-11D3-BF4B-00C04F79EFBC}") = "ChessUtilsLib", "ChessUtils\ChessUtilsLib.csproj", "{7E04457F-ADE5-4BAC-8EFD-A945E6CAAD19}"
EndProject
Project("{FAE04EC0-301F-11D3-BF4B-00C04F79EFBC}") = "DAL", "DAL\DAL.csproj", "{CD5FDC98-1245-4362-996B-F1F1530008EF}"
EndProject
Project("{FAE04EC0-301F-11D3-BF4B-00C04F79EFBC}") = "GameServer", "GameServer\GameServer.csproj", "{E1D8CA4C-0484-4EDA-B964-4A40C933E14D}"
EndProject
Project("{FAE04EC0-301F-11D3-BF4B-00C04F79EFBC}") = "SocketService", "SocketService\SocketService.csproj", "{410571B1-7E3B-4553-B31F-718600C29A1C}"
EndProject
Project("{E53339B2-1760-4266-BCC7-CA923CBCF16C}") = "docker-compose", "docker-compose.dcproj", "{81DDED9D-158B-E303-5F62-77A2896D2A5A}"
EndProject
Project("{FAE04EC0-301F-11D3-BF4B-00C04F79EFBC}") = "Shared", "Shared\Shared.csproj", "{5BB4EF52-83FC-47EC-9039-D8AE40B7AFBA}"
EndProject
Global
	GlobalSection(SolutionConfigurationPlatforms) = preSolution
		Debug|Any CPU = Debug|Any CPU
		Release|Any CPU = Release|Any CPU
	EndGlobalSection
	GlobalSection(ProjectConfigurationPlatforms) = postSolution
		{63814E69-6652-469C-8610-9589267EE05F}.Debug|Any CPU.ActiveCfg = Debug|Any CPU
		{63814E69-6652-469C-8610-9589267EE05F}.Debug|Any CPU.Build.0 = Debug|Any CPU
		{63814E69-6652-469C-8610-9589267EE05F}.Release|Any CPU.ActiveCfg = Release|Any CPU
		{63814E69-6652-469C-8610-9589267EE05F}.Release|Any CPU.Build.0 = Release|Any CPU
		{7E04457F-ADE5-4BAC-8EFD-A945E6CAAD19}.Debug|Any CPU.ActiveCfg = Debug|Any CPU
		{7E04457F-ADE5-4BAC-8EFD-A945E6CAAD19}.Debug|Any CPU.Build.0 = Debug|Any CPU
		{7E04457F-ADE5-4BAC-8EFD-A945E6CAAD19}.Release|Any CPU.ActiveCfg = Release|Any CPU
		{7E04457F-ADE5-4BAC-8EFD-A945E6CAAD19}.Release|Any CPU.Build.0 = Release|Any CPU
		{CD5FDC98-1245-4362-996B-F1F1530008EF}.Debug|Any CPU.ActiveCfg = Debug|Any CPU
		{CD5FDC98-1245-4362-996B-F1F1530008EF}.Debug|Any CPU.Build.0 = Debug|Any CPU
		{CD5FDC98-1245-4362-996B-F1F1530008EF}.Release|Any CPU.ActiveCfg = Release|Any CPU
		{CD5FDC98-1245-4362-996B-F1F1530008EF}.Release|Any CPU.Build.0 = Release|Any CPU
		{E1D8CA4C-0484-4EDA-B964-4A40C933E14D}.Debug|Any CPU.ActiveCfg = Debug|Any CPU
		{E1D8CA4C-0484-4EDA-B964-4A40C933E14D}.Debug|Any CPU.Build.0 = Debug|Any CPU
		{E1D8CA4C-0484-4EDA-B964-4A40C933E14D}.Release|Any CPU.ActiveCfg = Release|Any CPU
		{E1D8CA4C-0484-4EDA-B964-4A40C933E14D}.Release|Any CPU.Build.0 = Release|Any CPU
		{410571B1-7E3B-4553-B31F-718600C29A1C}.Debug|Any CPU.ActiveCfg = Debug|Any CPU
		{410571B1-7E3B-4553-B31F-718600C29A1C}.Debug|Any CPU.Build.0 = Debug|Any CPU
		{410571B1-7E3B-4553-B31F-718600C29A1C}.Release|Any CPU.ActiveCfg = Release|Any CPU
		{410571B1-7E3B-4553-B31F-718600C29A1C}.Release|Any CPU.Build.0 = Release|Any CPU
		{81DDED9D-158B-E303-5F62-77A2896D2A5A}.Debug|Any CPU.ActiveCfg = Debug|Any CPU
		{81DDED9D-158B-E303-5F62-77A2896D2A5A}.Debug|Any CPU.Build.0 = Debug|Any CPU
		{81DDED9D-158B-E303-5F62-77A2896D2A5A}.Release|Any CPU.ActiveCfg = Release|Any CPU
		{81DDED9D-158B-E303-5F62-77A2896D2A5A}.Release|Any CPU.Build.0 = Release|Any CPU
		{5BB4EF52-83FC-47EC-9039-D8AE40B7AFBA}.Debug|Any CPU.ActiveCfg = Debug|Any CPU
		{5BB4EF52-83FC-47EC-9039-D8AE40B7AFBA}.Debug|Any CPU.Build.0 = Debug|Any CPU
		{5BB4EF52-83FC-47EC-9039-D8AE40B7AFBA}.Release|Any CPU.ActiveCfg = Release|Any CPU
		{5BB4EF52-83FC-47EC-9039-D8AE40B7AFBA}.Release|Any CPU.Build.0 = Release|Any CPU
	EndGlobalSection
	GlobalSection(SolutionProperties) = preSolution
		HideSolutionNode = FALSE
	EndGlobalSection
	GlobalSection(ExtensibilityGlobals) = postSolution
		SolutionGuid = {C34AFB5C-4E6D-41DA-A4CD-D9830A20DCDD}
	EndGlobalSection
EndGlobal
